// !$*UTF8*$!
{
	archiveVersion = 1;
	classes = {
	};
	objectVersion = 46;
	objects = {

/* Begin PBXBuildFile section */
		6147731F1DE575D300183245 /* AppDelegate.swift in Sources */ = {isa = PBXBuildFile; fileRef = 6147731E1DE575D300183245 /* AppDelegate.swift */; };
		614773211DE575D300183245 /* ViewController.swift in Sources */ = {isa = PBXBuildFile; fileRef = 614773201DE575D300183245 /* ViewController.swift */; };
		614773241DE575D300183245 /* Main.storyboard in Resources */ = {isa = PBXBuildFile; fileRef = 614773221DE575D300183245 /* Main.storyboard */; };
		614773261DE575D300183245 /* Assets.xcassets in Resources */ = {isa = PBXBuildFile; fileRef = 614773251DE575D300183245 /* Assets.xcassets */; };
		614773291DE575D300183245 /* LaunchScreen.storyboard in Resources */ = {isa = PBXBuildFile; fileRef = 614773271DE575D300183245 /* LaunchScreen.storyboard */; };
		614773341DE575D300183245 /* gitTestTests.swift in Sources */ = {isa = PBXBuildFile; fileRef = 614773331DE575D300183245 /* gitTestTests.swift */; };
		6147733F1DE575D300183245 /* gitTestUITests.swift in Sources */ = {isa = PBXBuildFile; fileRef = 6147733E1DE575D300183245 /* gitTestUITests.swift */; };
/* End PBXBuildFile section */

/* Begin PBXContainerItemProxy section */
		614773301DE575D300183245 /* PBXContainerItemProxy */ = {
			isa = PBXContainerItemProxy;
			containerPortal = 614773131DE575D300183245 /* Project object */;
			proxyType = 1;
			remoteGlobalIDString = 6147731A1DE575D300183245;
			remoteInfo = gitTest;
		};
		6147733B1DE575D300183245 /* PBXContainerItemProxy */ = {
			isa = PBXContainerItemProxy;
			containerPortal = 614773131DE575D300183245 /* Project object */;
			proxyType = 1;
			remoteGlobalIDString = 6147731A1DE575D300183245;
			remoteInfo = gitTest;
		};
/* End PBXContainerItemProxy section */

/* Begin PBXFileReference section */
		6147731B1DE575D300183245 /* gitTest.app */ = {isa = PBXFileReference; explicitFileType = wrapper.application; includeInIndex = 0; path = gitTest.app; sourceTree = BUILT_PRODUCTS_DIR; };
		6147731E1DE575D300183245 /* AppDelegate.swift */ = {isa = PBXFileReference; lastKnownFileType = sourcecode.swift; path = AppDelegate.swift; sourceTree = "<group>"; };
		614773201DE575D300183245 /* ViewController.swift */ = {isa = PBXFileReference; lastKnownFileType = sourcecode.swift; path = ViewController.swift; sourceTree = "<group>"; };
		614773231DE575D300183245 /* Base */ = {isa = PBXFileReference; lastKnownFileType = file.storyboard; name = Base; path = Base.lproj/Main.storyboard; sourceTree = "<group>"; };
		614773251DE575D300183245 /* Assets.xcassets */ = {isa = PBXFileReference; lastKnownFileType = folder.assetcatalog; path = Assets.xcassets; sourceTree = "<group>"; };
		614773281DE575D300183245 /* Base */ = {isa = PBXFileReference; lastKnownFileType = file.storyboard; name = Base; path = Base.lproj/LaunchScreen.storyboard; sourceTree = "<group>"; };
		6147732A1DE575D300183245 /* Info.plist */ = {isa = PBXFileReference; lastKnownFileType = text.plist.xml; path = Info.plist; sourceTree = "<group>"; };
		6147732F1DE575D300183245 /* gitTestTests.xctest */ = {isa = PBXFileReference; explicitFileType = wrapper.cfbundle; includeInIndex = 0; path = gitTestTests.xctest; sourceTree = BUILT_PRODUCTS_DIR; };
		614773331DE575D300183245 /* gitTestTests.swift */ = {isa = PBXFileReference; lastKnownFileType = sourcecode.swift; path = gitTestTests.swift; sourceTree = "<group>"; };
		614773351DE575D300183245 /* Info.plist */ = {isa = PBXFileReference; lastKnownFileType = text.plist.xml; path = Info.plist; sourceTree = "<group>"; };
		6147733A1DE575D300183245 /* gitTestUITests.xctest */ = {isa = PBXFileReference; explicitFileType = wrapper.cfbundle; includeInIndex = 0; path = gitTestUITests.xctest; sourceTree = BUILT_PRODUCTS_DIR; };
		6147733E1DE575D300183245 /* gitTestUITests.swift */ = {isa = PBXFileReference; lastKnownFileType = sourcecode.swift; path = gitTestUITests.swift; sourceTree = "<group>"; };
		614773401DE575D300183245 /* Info.plist */ = {isa = PBXFileReference; lastKnownFileType = text.plist.xml; path = Info.plist; sourceTree = "<group>"; };
/* End PBXFileReference section */

/* Begin PBXFrameworksBuildPhase section */
		614773181DE575D300183245 /* Frameworks */ = {
			isa = PBXFrameworksBuildPhase;
			buildActionMask = 2147483647;
			files = (
			);
			runOnlyForDeploymentPostprocessing = 0;
		};
		6147732C1DE575D300183245 /* Frameworks */ = {
			isa = PBXFrameworksBuildPhase;
			buildActionMask = 2147483647;
			files = (
			);
			runOnlyForDeploymentPostprocessing = 0;
		};
		614773371DE575D300183245 /* Frameworks */ = {
			isa = PBXFrameworksBuildPhase;
			buildActionMask = 2147483647;
			files = (
			);
			runOnlyForDeploymentPostprocessing = 0;
		};
/* End PBXFrameworksBuildPhase section */

/* Begin PBXGroup section */
		614773121DE575D300183245 = {
			isa = PBXGroup;
			children = (
				6147731D1DE575D300183245 /* gitTest */,
				614773321DE575D300183245 /* gitTestTests */,
				6147733D1DE575D300183245 /* gitTestUITests */,
				6147731C1DE575D300183245 /* Products */,
			);
			sourceTree = "<group>";
		};
		6147731C1DE575D300183245 /* Products */ = {
			isa = PBXGroup;
			children = (
				6147731B1DE575D300183245 /* gitTest.app */,
				6147732F1DE575D300183245 /* gitTestTests.xctest */,
				6147733A1DE575D300183245 /* gitTestUITests.xctest */,
			);
			name = Products;
			sourceTree = "<group>";
		};
		6147731D1DE575D300183245 /* gitTest */ = {
			isa = PBXGroup;
			children = (
				6147731E1DE575D300183245 /* AppDelegate.swift */,
				614773201DE575D300183245 /* ViewController.swift */,
				614773221DE575D300183245 /* Main.storyboard */,
				614773251DE575D300183245 /* Assets.xcassets */,
				614773271DE575D300183245 /* LaunchScreen.storyboard */,
				6147732A1DE575D300183245 /* Info.plist */,
			);
			path = gitTest;
			sourceTree = "<group>";
		};
		614773321DE575D300183245 /* gitTestTests */ = {
			isa = PBXGroup;
			children = (
				614773331DE575D300183245 /* gitTestTests.swift */,
				614773351DE575D300183245 /* Info.plist */,
			);
			path = gitTestTests;
			sourceTree = "<group>";
		};
		6147733D1DE575D300183245 /* gitTestUITests */ = {
			isa = PBXGroup;
			children = (
				6147733E1DE575D300183245 /* gitTestUITests.swift */,
				614773401DE575D300183245 /* Info.plist */,
			);
			path = gitTestUITests;
			sourceTree = "<group>";
		};
/* End PBXGroup section */

/* Begin PBXNativeTarget section */
		6147731A1DE575D300183245 /* gitTest */ = {
			isa = PBXNativeTarget;
			buildConfigurationList = 614773431DE575D300183245 /* Build configuration list for PBXNativeTarget "gitTest" */;
			buildPhases = (
				614773171DE575D300183245 /* Sources */,
				614773181DE575D300183245 /* Frameworks */,
				614773191DE575D300183245 /* Resources */,
			);
			buildRules = (
			);
			dependencies = (
			);
			name = gitTest;
			productName = gitTest;
			productReference = 6147731B1DE575D300183245 /* gitTest.app */;
			productType = "com.apple.product-type.application";
		};
		6147732E1DE575D300183245 /* gitTestTests */ = {
			isa = PBXNativeTarget;
			buildConfigurationList = 614773461DE575D300183245 /* Build configuration list for PBXNativeTarget "gitTestTests" */;
			buildPhases = (
				6147732B1DE575D300183245 /* Sources */,
				6147732C1DE575D300183245 /* Frameworks */,
				6147732D1DE575D300183245 /* Resources */,
			);
			buildRules = (
			);
			dependencies = (
				614773311DE575D300183245 /* PBXTargetDependency */,
			);
			name = gitTestTests;
			productName = gitTestTests;
			productReference = 6147732F1DE575D300183245 /* gitTestTests.xctest */;
			productType = "com.apple.product-type.bundle.unit-test";
		};
		614773391DE575D300183245 /* gitTestUITests */ = {
			isa = PBXNativeTarget;
			buildConfigurationList = 614773491DE575D300183245 /* Build configuration list for PBXNativeTarget "gitTestUITests" */;
			buildPhases = (
				614773361DE575D300183245 /* Sources */,
				614773371DE575D300183245 /* Frameworks */,
				614773381DE575D300183245 /* Resources */,
			);
			buildRules = (
			);
			dependencies = (
				6147733C1DE575D300183245 /* PBXTargetDependency */,
			);
			name = gitTestUITests;
			productName = gitTestUITests;
			productReference = 6147733A1DE575D300183245 /* gitTestUITests.xctest */;
			productType = "com.apple.product-type.bundle.ui-testing";
		};
/* End PBXNativeTarget section */

/* Begin PBXProject section */
		614773131DE575D300183245 /* Project object */ = {
			isa = PBXProject;
			attributes = {
				LastSwiftUpdateCheck = 0810;
				LastUpgradeCheck = 0810;
				ORGANIZATIONNAME = "吳建豪";
				TargetAttributes = {
					6147731A1DE575D300183245 = {
						CreatedOnToolsVersion = 8.1;
						ProvisioningStyle = Automatic;
					};
					6147732E1DE575D300183245 = {
						CreatedOnToolsVersion = 8.1;
						ProvisioningStyle = Automatic;
						TestTargetID = 6147731A1DE575D300183245;
					};
					614773391DE575D300183245 = {
						CreatedOnToolsVersion = 8.1;
						ProvisioningStyle = Automatic;
						TestTargetID = 6147731A1DE575D300183245;
					};
				};
			};
			buildConfigurationList = 614773161DE575D300183245 /* Build configuration list for PBXProject "gitTest" */;
			compatibilityVersion = "Xcode 3.2";
			developmentRegion = English;
			hasScannedForEncodings = 0;
			knownRegions = (
				en,
				Base,
			);
			mainGroup = 614773121DE575D300183245;
			productRefGroup = 6147731C1DE575D300183245 /* Products */;
			projectDirPath = "";
			projectRoot = "";
			targets = (
				6147731A1DE575D300183245 /* gitTest */,
				6147732E1DE575D300183245 /* gitTestTests */,
				614773391DE575D300183245 /* gitTestUITests */,
			);
		};
/* End PBXProject section */

/* Begin PBXResourcesBuildPhase section */
		614773191DE575D300183245 /* Resources */ = {
			isa = PBXResourcesBuildPhase;
			buildActionMask = 2147483647;
			files = (
				614773291DE575D300183245 /* LaunchScreen.storyboard in Resources */,
				614773261DE575D300183245 /* Assets.xcassets in Resources */,
				614773241DE575D300183245 /* Main.storyboard in Resources */,
			);
			runOnlyForDeploymentPostprocessing = 0;
		};
		6147732D1DE575D300183245 /* Resources */ = {
			isa = PBXResourcesBuildPhase;
			buildActionMask = 2147483647;
			files = (
			);
			runOnlyForDeploymentPostprocessing = 0;
		};
		614773381DE575D300183245 /* Resources */ = {
			isa = PBXResourcesBuildPhase;
			buildActionMask = 2147483647;
			files = (
			);
			runOnlyForDeploymentPostprocessing = 0;
		};
/* End PBXResourcesBuildPhase section */

/* Begin PBXSourcesBuildPhase section */
		614773171DE575D300183245 /* Sources */ = {
			isa = PBXSourcesBuildPhase;
			buildActionMask = 2147483647;
			files = (
				614773211DE575D300183245 /* ViewController.swift in Sources */,
				6147731F1DE575D300183245 /* AppDelegate.swift in Sources */,
			);
			runOnlyForDeploymentPostprocessing = 0;
		};
		6147732B1DE575D300183245 /* Sources */ = {
			isa = PBXSourcesBuildPhase;
			buildActionMask = 2147483647;
			files = (
				614773341DE575D300183245 /* gitTestTests.swift in Sources */,
			);
			runOnlyForDeploymentPostprocessing = 0;
		};
		614773361DE575D300183245 /* Sources */ = {
			isa = PBXSourcesBuildPhase;
			buildActionMask = 2147483647;
			files = (
				6147733F1DE575D300183245 /* gitTestUITests.swift in Sources */,
			);
			runOnlyForDeploymentPostprocessing = 0;
		};
/* End PBXSourcesBuildPhase section */

/* Begin PBXTargetDependency section */
		614773311DE575D300183245 /* PBXTargetDependency */ = {
			isa = PBXTargetDependency;
			target = 6147731A1DE575D300183245 /* gitTest */;
			targetProxy = 614773301DE575D300183245 /* PBXContainerItemProxy */;
		};
		6147733C1DE575D300183245 /* PBXTargetDependency */ = {
			isa = PBXTargetDependency;
			target = 6147731A1DE575D300183245 /* gitTest */;
			targetProxy = 6147733B1DE575D300183245 /* PBXContainerItemProxy */;
		};
/* End PBXTargetDependency section */

/* Begin PBXVariantGroup section */
		614773221DE575D300183245 /* Main.storyboard */ = {
			isa = PBXVariantGroup;
			children = (
				614773231DE575D300183245 /* Base */,
			);
			name = Main.storyboard;
			sourceTree = "<group>";
		};
		614773271DE575D300183245 /* LaunchScreen.storyboard */ = {
			isa = PBXVariantGroup;
			children = (
				614773281DE575D300183245 /* Base */,
			);
			name = LaunchScreen.storyboard;
			sourceTree = "<group>";
		};
/* End PBXVariantGroup section */

/* Begin XCBuildConfiguration section */
		614773411DE575D300183245 /* Debug */ = {
			isa = XCBuildConfiguration;
			buildSettings = {
				ALWAYS_SEARCH_USER_PATHS = NO;
				CLANG_ANALYZER_NONNULL = YES;
				CLANG_CXX_LANGUAGE_STANDARD = "gnu++0x";
				CLANG_CXX_LIBRARY = "libc++";
				CLANG_ENABLE_MODULES = YES;
				CLANG_ENABLE_OBJC_ARC = YES;
				CLANG_WARN_BOOL_CONVERSION = YES;
				CLANG_WARN_CONSTANT_CONVERSION = YES;
				CLANG_WARN_DIRECT_OBJC_ISA_USAGE = YES_ERROR;
				CLANG_WARN_DOCUMENTATION_COMMENTS = YES;
				CLANG_WARN_EMPTY_BODY = YES;
				CLANG_WARN_ENUM_CONVERSION = YES;
				CLANG_WARN_INFINITE_RECURSION = YES;
				CLANG_WARN_INT_CONVERSION = YES;
				CLANG_WARN_OBJC_ROOT_CLASS = YES_ERROR;
				CLANG_WARN_SUSPICIOUS_MOVES = YES;
				CLANG_WARN_UNREACHABLE_CODE = YES;
				CLANG_WARN__DUPLICATE_METHOD_MATCH = YES;
				"CODE_SIGN_IDENTITY[sdk=iphoneos*]" = "iPhone Developer";
				COPY_PHASE_STRIP = NO;
				DEBUG_INFORMATION_FORMAT = dwarf;
				ENABLE_STRICT_OBJC_MSGSEND = YES;
				ENABLE_TESTABILITY = YES;
				GCC_C_LANGUAGE_STANDARD = gnu99;
				GCC_DYNAMIC_NO_PIC = NO;
				GCC_NO_COMMON_BLOCKS = YES;
				GCC_OPTIMIZATION_LEVEL = 0;
				GCC_PREPROCESSOR_DEFINITIONS = (
					"DEBUG=1",
					"$(inherited)",
				);
				GCC_WARN_64_TO_32_BIT_CONVERSION = YES;
				GCC_WARN_ABOUT_RETURN_TYPE = YES_ERROR;
				GCC_WARN_UNDECLARED_SELECTOR = YES;
				GCC_WARN_UNINITIALIZED_AUTOS = YES_AGGRESSIVE;
				GCC_WARN_UNUSED_FUNCTION = YES;
				GCC_WARN_UNUSED_VARIABLE = YES;
				IPHONEOS_DEPLOYMENT_TARGET = 10.1;
				MTL_ENABLE_DEBUG_INFO = YES;
				ONLY_ACTIVE_ARCH = YES;
				SDKROOT = iphoneos;
				SWIFT_ACTIVE_COMPILATION_CONDITIONS = DEBUG;
				SWIFT_OPTIMIZATION_LEVEL = "-Onone";
				TARGETED_DEVICE_FAMILY = "1,2";
			};
			name = Debug;
		};
		614773421DE575D300183245 /* Release */ = {
			isa = XCBuildConfiguration;
			buildSettings = {
				ALWAYS_SEARCH_USER_PATHS = NO;
				CLANG_ANALYZER_NONNULL = YES;
				CLANG_CXX_LANGUAGE_STANDARD = "gnu++0x";
				CLANG_CXX_LIBRARY = "libc++";
				CLANG_ENABLE_MODULES = YES;
				CLANG_ENABLE_OBJC_ARC = YES;
				CLANG_WARN_BOOL_CONVERSION = YES;
				CLANG_WARN_CONSTANT_CONVERSION = YES;
				CLANG_WARN_DIRECT_OBJC_ISA_USAGE = YES_ERROR;
				CLANG_WARN_DOCUMENTATION_COMMENTS = YES;
				CLANG_WARN_EMPTY_BODY = YES;
				CLANG_WARN_ENUM_CONVERSION = YES;
				CLANG_WARN_INFINITE_RECURSION = YES;
				CLANG_WARN_INT_CONVERSION = YES;
				CLANG_WARN_OBJC_ROOT_CLASS = YES_ERROR;
				CLANG_WARN_SUSPICIOUS_MOVES = YES;
				CLANG_WARN_UNREACHABLE_CODE = YES;
				CLANG_WARN__DUPLICATE_METHOD_MATCH = YES;
				"CODE_SIGN_IDENTITY[sdk=iphoneos*]" = "iPhone Developer";
				COPY_PHASE_STRIP = NO;
				DEBUG_INFORMATION_FORMAT = "dwarf-with-dsym";
				ENABLE_NS_ASSERTIONS = NO;
				ENABLE_STRICT_OBJC_MSGSEND = YES;
				GCC_C_LANGUAGE_STANDARD = gnu99;
				GCC_NO_COMMON_BLOCKS = YES;
				GCC_WARN_64_TO_32_BIT_CONVERSION = YES;
				GCC_WARN_ABOUT_RETURN_TYPE = YES_ERROR;
				GCC_WARN_UNDECLARED_SELECTOR = YES;
				GCC_WARN_UNINITIALIZED_AUTOS = YES_AGGRESSIVE;
				GCC_WARN_UNUSED_FUNCTION = YES;
				GCC_WARN_UNUSED_VARIABLE = YES;
				IPHONEOS_DEPLOYMENT_TARGET = 10.1;
				MTL_ENABLE_DEBUG_INFO = NO;
				SDKROOT = iphoneos;
				SWIFT_OPTIMIZATION_LEVEL = "-Owholemodule";
				TARGETED_DEVICE_FAMILY = "1,2";
				VALIDATE_PRODUCT = YES;
			};
			name = Release;
		};
		614773441DE575D300183245 /* Debug */ = {
			isa = XCBuildConfiguration;
			buildSettings = {
				ASSETCATALOG_COMPILER_APPICON_NAME = AppIcon;
				INFOPLIST_FILE = gitTest/Info.plist;
				LD_RUNPATH_SEARCH_PATHS = "$(inherited) @executable_path/Frameworks";
				PRODUCT_BUNDLE_IDENTIFIER = "vanness-wu.gitTest";
				PRODUCT_NAME = "$(TARGET_NAME)";
				SWIFT_VERSION = 3.0;
			};
			name = Debug;
		};
		614773451DE575D300183245 /* Release */ = {
			isa = XCBuildConfiguration;
			buildSettings = {
				ASSETCATALOG_COMPILER_APPICON_NAME = AppIcon;
				INFOPLIST_FILE = gitTest/Info.plist;
				LD_RUNPATH_SEARCH_PATHS = "$(inherited) @executable_path/Frameworks";
				PRODUCT_BUNDLE_IDENTIFIER = "vanness-wu.gitTest";
				PRODUCT_NAME = "$(TARGET_NAME)";
				SWIFT_VERSION = 3.0;
			};
			name = Release;
		};
		614773471DE575D300183245 /* Debug */ = {
			isa = XCBuildConfiguration;
			buildSettings = {
				ALWAYS_EMBED_SWIFT_STANDARD_LIBRARIES = YES;
				BUNDLE_LOADER = "$(TEST_HOST)";
				INFOPLIST_FILE = gitTestTests/Info.plist;
				LD_RUNPATH_SEARCH_PATHS = "$(inherited) @executable_path/Frameworks @loader_path/Frameworks";
				PRODUCT_BUNDLE_IDENTIFIER = "vanness-wu.gitTestTests";
				PRODUCT_NAME = "$(TARGET_NAME)";
				SWIFT_VERSION = 3.0;
				TEST_HOST = "$(BUILT_PRODUCTS_DIR)/gitTest.app/gitTest";
			};
			name = Debug;
		};
		614773481DE575D300183245 /* Release */ = {
			isa = XCBuildConfiguration;
			buildSettings = {
				ALWAYS_EMBED_SWIFT_STANDARD_LIBRARIES = YES;
				BUNDLE_LOADER = "$(TEST_HOST)";
				INFOPLIST_FILE = gitTestTests/Info.plist;
				LD_RUNPATH_SEARCH_PATHS = "$(inherited) @executable_path/Frameworks @loader_path/Frameworks";
				PRODUCT_BUNDLE_IDENTIFIER = "vanness-wu.gitTestTests";
				PRODUCT_NAME = "$(TARGET_NAME)";
				SWIFT_VERSION = 3.0;
				TEST_HOST = "$(BUILT_PRODUCTS_DIR)/gitTest.app/gitTest";
			};
			name = Release;
		};
		6147734A1DE575D300183245 /* Debug */ = {
			isa = XCBuildConfiguration;
			buildSettings = {
				ALWAYS_EMBED_SWIFT_STANDARD_LIBRARIES = YES;
				INFOPLIST_FILE = gitTestUITests/Info.plist;
				LD_RUNPATH_SEARCH_PATHS = "$(inherited) @executable_path/Frameworks @loader_path/Frameworks";
				PRODUCT_BUNDLE_IDENTIFIER = "vanness-wu.gitTestUITests";
				PRODUCT_NAME = "$(TARGET_NAME)";
				SWIFT_VERSION = 3.0;
				TEST_TARGET_NAME = gitTest;
			};
			name = Debug;
		};
		6147734B1DE575D300183245 /* Release */ = {
			isa = XCBuildConfiguration;
			buildSettings = {
				ALWAYS_EMBED_SWIFT_STANDARD_LIBRARIES = YES;
				INFOPLIST_FILE = gitTestUITests/Info.plist;
				LD_RUNPATH_SEARCH_PATHS = "$(inherited) @executable_path/Frameworks @loader_path/Frameworks";
				PRODUCT_BUNDLE_IDENTIFIER = "vanness-wu.gitTestUITests";
				PRODUCT_NAME = "$(TARGET_NAME)";
				SWIFT_VERSION = 3.0;
				TEST_TARGET_NAME = gitTest;
			};
			name = Release;
		};
/* End XCBuildConfiguration section */

/* Begin XCConfigurationList section */
		614773161DE575D300183245 /* Build configuration list for PBXProject "gitTest" */ = {
			isa = XCConfigurationList;
			buildConfigurations = (
				614773411DE575D300183245 /* Debug */,
				614773421DE575D300183245 /* Release */,
			);
			defaultConfigurationIsVisible = 0;
			defaultConfigurationName = Release;
		};
		614773431DE575D300183245 /* Build configuration list for PBXNativeTarget "gitTest" */ = {
			isa = XCConfigurationList;
			buildConfigurations = (
				614773441DE575D300183245 /* Debug */,
				614773451DE575D300183245 /* Release */,
			);
			defaultConfigurationIsVisible = 0;
		};
		614773461DE575D300183245 /* Build configuration list for PBXNativeTarget "gitTestTests" */ = {
			isa = XCConfigurationList;
			buildConfigurations = (
				614773471DE575D300183245 /* Debug */,
				614773481DE575D300183245 /* Release */,
			);
			defaultConfigurationIsVisible = 0;
		};
		614773491DE575D300183245 /* Build configuration list for PBXNativeTarget "gitTestUITests" */ = {
			isa = XCConfigurationList;
			buildConfigurations = (
				6147734A1DE575D300183245 /* Debug */,
				6147734B1DE575D300183245 /* Release */,
			);
			defaultConfigurationIsVisible = 0;
		};
/* End XCConfigurationList section */
	};
	rootObject = 614773131DE575D300183245 /* Project object */;
}
